
Microsoft Visual Studio Solution File, Format Version 12.00
# Visual Studio 2012
Project("{FAE04EC0-301F-11D3-BF4B-00C04F79EFBC}") = "Shindy.Tests", "src\Shindy.Tests\Shindy.Tests.csproj", "{C7C73BEB-DC23-4644-A1CF-CD8E496330E8}"
EndProject
Project("{2150E333-8FDC-42A3-9474-1A3956D46DE8}") = ".nuget", ".nuget", "{B245217F-5CF2-448A-B9DC-65E29BF6359B}"
	ProjectSection(SolutionItems) = preProject
		.nuget\NuGet.Config = .nuget\NuGet.Config
		.nuget\NuGet.exe = .nuget\NuGet.exe
		.nuget\NuGet.targets = .nuget\NuGet.targets
	EndProjectSection
EndProject
Project("{FAE04EC0-301F-11D3-BF4B-00C04F79EFBC}") = "Shindy.Web", "src\Shindy.Web\Shindy.Web.csproj", "{6626349C-D2EE-4DED-B6A8-7CC5278F96CE}"
EndProject
Project("{FAE04EC0-301F-11D3-BF4B-00C04F79EFBC}") = "Shindy.Data", "Shindy.Data\Shindy.Data.csproj", "{22707717-7BB2-4F3B-98A1-18208F7C3979}"
EndProject
Global
	GlobalSection(SolutionConfigurationPlatforms) = preSolution
		Debug|Any CPU = Debug|Any CPU
		Release|Any CPU = Release|Any CPU
	EndGlobalSection
	GlobalSection(ProjectConfigurationPlatforms) = postSolution
		{C7C73BEB-DC23-4644-A1CF-CD8E496330E8}.Debug|Any CPU.ActiveCfg = Debug|Any CPU
		{C7C73BEB-DC23-4644-A1CF-CD8E496330E8}.Debug|Any CPU.Build.0 = Debug|Any CPU
		{C7C73BEB-DC23-4644-A1CF-CD8E496330E8}.Release|Any CPU.ActiveCfg = Release|Any CPU
		{C7C73BEB-DC23-4644-A1CF-CD8E496330E8}.Release|Any CPU.Build.0 = Release|Any CPU
		{6626349C-D2EE-4DED-B6A8-7CC5278F96CE}.Debug|Any CPU.ActiveCfg = Debug|Any CPU
		{6626349C-D2EE-4DED-B6A8-7CC5278F96CE}.Debug|Any CPU.Build.0 = Debug|Any CPU
		{6626349C-D2EE-4DED-B6A8-7CC5278F96CE}.Release|Any CPU.ActiveCfg = Release|Any CPU
		{6626349C-D2EE-4DED-B6A8-7CC5278F96CE}.Release|Any CPU.Build.0 = Release|Any CPU
		{22707717-7BB2-4F3B-98A1-18208F7C3979}.Debug|Any CPU.ActiveCfg = Debug|Any CPU
		{22707717-7BB2-4F3B-98A1-18208F7C3979}.Debug|Any CPU.Build.0 = Debug|Any CPU
		{22707717-7BB2-4F3B-98A1-18208F7C3979}.Release|Any CPU.ActiveCfg = Release|Any CPU
		{22707717-7BB2-4F3B-98A1-18208F7C3979}.Release|Any CPU.Build.0 = Release|Any CPU
	EndGlobalSection
	GlobalSection(SolutionProperties) = preSolution
		HideSolutionNode = FALSE
	EndGlobalSection
EndGlobal
